
Microsoft Visual Studio Solution File, Format Version 12.00
# Visual Studio Version 17
VisualStudioVersion = 17.12.35527.113
MinimumVisualStudioVersion = 10.0.40219.1
Project("{FAE04EC0-301F-11D3-BF4B-00C04F79EFBC}") = "WorkoutAppApi", "WorkoutAppApi\WorkoutAppApi.csproj", "{482FD504-96AA-43B4-916D-E180F095B6CF}"
EndProject
Global
	GlobalSection(SolutionConfigurationPlatforms) = preSolution
		Debug|Any CPU = Debug|Any CPU
		Release|Any CPU = Release|Any CPU
	EndGlobalSection
	GlobalSection(ProjectConfigurationPlatforms) = postSolution
		{482FD504-96AA-43B4-916D-E180F095B6CF}.Debug|Any CPU.ActiveCfg = Debug|Any CPU
		{482FD504-96AA-43B4-916D-E180F095B6CF}.Debug|Any CPU.Build.0 = Debug|Any CPU
		{482FD504-96AA-43B4-916D-E180F095B6CF}.Release|Any CPU.ActiveCfg = Release|Any CPU
		{482FD504-96AA-43B4-916D-E180F095B6CF}.Release|Any CPU.Build.0 = Release|Any CPU
	EndGlobalSection
	GlobalSection(SolutionProperties) = preSolution
		HideSolutionNode = FALSE
	EndGlobalSection
EndGlobal
